
Microsoft Visual Studio Solution File, Format Version 12.00
# Visual Studio 15
VisualStudioVersion = 15.0.26430.15
MinimumVisualStudioVersion = 10.0.40219.1
Project("{FAE04EC0-301F-11D3-BF4B-00C04F79EFBC}") = "testnet", "testnet.csproj", "{73B5C30F-02B1-412D-AB10-C6B25E87FDFF}"
EndProject
Global
	GlobalSection(SolutionConfigurationPlatforms) = preSolution
		Debug|Any CPU = Debug|Any CPU
		Release|Any CPU = Release|Any CPU
	EndGlobalSection
	GlobalSection(ProjectConfigurationPlatforms) = postSolution
		{73B5C30F-02B1-412D-AB10-C6B25E87FDFF}.Debug|Any CPU.ActiveCfg = Debug|Any CPU
		{73B5C30F-02B1-412D-AB10-C6B25E87FDFF}.Debug|Any CPU.Build.0 = Debug|Any CPU
		{73B5C30F-02B1-412D-AB10-C6B25E87FDFF}.Release|Any CPU.ActiveCfg = Release|Any CPU
		{73B5C30F-02B1-412D-AB10-C6B25E87FDFF}.Release|Any CPU.Build.0 = Release|Any CPU
	EndGlobalSection
	GlobalSection(SolutionProperties) = preSolution
		HideSolutionNode = FALSE
	EndGlobalSection
EndGlobal
